github.com/beldur/kraken-go-api-client v0.0.0-20210512194559-2c29669c4ecc h1:nYdDKeiMVAH4DnBv6PDoOZtxUcCFj5jRL6M4anypjTE=
github.com/beldur/kraken-go-api-client v0.0.0-20210512194559-2c29669c4ecc/go.mod h1:NtR1i+x0BHgyscUkgG1FlAokpIxNDKgLO3301OLxWt0=
github.com/joho/godotenv v1.4.0 h1:3l4+N6zfMWnkbPEXKng2o2/MR5mSwTrBih4ZEkkz1lg=
github.com/joho/godotenv v1.4.0/go.mod h1:f4LDr5Voq0i2e/R5DDNOoa2zzDfwtkZa6DnEwAbqwq4=
